
Microsoft Visual Studio Solution File, Format Version 12.00
Project("{FAE04EC0-301F-11D3-BF4B-00C04F79EFBC}") = "OOP_LAB2", "OOP_LAB2\OOP_LAB2.csproj", "{340FCD73-9C9C-41B2-AEC4-C663116D9FA1}"
EndProject
Global
	GlobalSection(SolutionConfigurationPlatforms) = preSolution
		Debug|Any CPU = Debug|Any CPU
		Release|Any CPU = Release|Any CPU
	EndGlobalSection
	GlobalSection(ProjectConfigurationPlatforms) = postSolution
		{340FCD73-9C9C-41B2-AEC4-C663116D9FA1}.Debug|Any CPU.ActiveCfg = Debug|Any CPU
		{340FCD73-9C9C-41B2-AEC4-C663116D9FA1}.Debug|Any CPU.Build.0 = Debug|Any CPU
		{340FCD73-9C9C-41B2-AEC4-C663116D9FA1}.Release|Any CPU.ActiveCfg = Release|Any CPU
		{340FCD73-9C9C-41B2-AEC4-C663116D9FA1}.Release|Any CPU.Build.0 = Release|Any CPU
	EndGlobalSection
EndGlobal
